{
  "name": "serverless-plugin-diff",
  "version": "1.2.0",
  "dependencies": {
    "abab": {
      "version": "1.0.3"
    },
    "abbrev": {
      "version": "1.0.9"
    },
    "acorn": {
      "version": "4.0.4"
    },
    "acorn-globals": {
      "version": "1.0.9",
      "dependencies": {
        "acorn": {
          "version": "2.7.0"
        }
      }
    },
    "acorn-jsx": {
      "version": "3.0.1",
      "dependencies": {
        "acorn": {
          "version": "3.3.0"
        }
      }
    },
    "ajv": {
      "version": "4.10.3"
    },
    "ajv-keywords": {
      "version": "1.5.0"
    },
    "align-text": {
      "version": "0.1.4"
    },
    "amdefine": {
      "version": "1.0.1"
    },
    "ansi-escapes": {
      "version": "1.4.0"
    },
    "ansi-regex": {
      "version": "2.0.0"
    },
    "ansi-styles": {
      "version": "2.2.1"
    },
    "ansicolors": {
      "version": "0.2.1"
    },
    "any-promise": {
      "version": "1.3.0"
    },
    "append-transform": {
      "version": "0.3.0"
    },
    "argparse": {
      "version": "1.0.9"
    },
    "arr-diff": {
      "version": "2.0.0"
    },
    "arr-flatten": {
      "version": "1.0.1"
    },
    "array-differ": {
      "version": "1.0.0"
    },
    "array-equal": {
      "version": "1.0.0"
    },
    "array-union": {
      "version": "1.0.2"
    },
    "array-uniq": {
      "version": "1.0.3"
    },
    "array-unique": {
      "version": "0.2.1"
    },
    "arrify": {
      "version": "1.0.1"
    },
    "asn1": {
      "version": "0.2.3"
    },
    "assert-plus": {
      "version": "0.2.0"
    },
    "async": {
      "version": "2.1.4"
    },
    "asynckit": {
      "version": "0.4.0"
    },
    "aws-sdk": {
      "version": "2.7.20"
    },
    "aws-sign2": {
      "version": "0.6.0"
    },
    "aws4": {
      "version": "1.5.0"
    },
    "babel-code-frame": {
      "version": "6.20.0"
    },
    "babel-core": {
      "version": "6.21.0"
    },
    "babel-generator": {
      "version": "6.21.0"
    },
    "babel-helpers": {
      "version": "6.16.0"
    },
    "babel-jest": {
      "version": "16.0.0"
    },
    "babel-messages": {
      "version": "6.8.0"
    },
    "babel-plugin-istanbul": {
      "version": "2.0.3"
    },
    "babel-plugin-jest-hoist": {
      "version": "16.0.0"
    },
    "babel-preset-jest": {
      "version": "16.0.0"
    },
    "babel-register": {
      "version": "6.18.0"
    },
    "babel-runtime": {
      "version": "6.20.0"
    },
    "babel-template": {
      "version": "6.16.0"
    },
    "babel-traverse": {
      "version": "6.21.0"
    },
    "babel-types": {
      "version": "6.21.0"
    },
    "babylon": {
      "version": "6.14.1"
    },
    "balanced-match": {
      "version": "0.4.2"
    },
    "base64-js": {
      "version": "1.2.0"
    },
    "bcrypt-pbkdf": {
      "version": "1.0.0"
    },
    "bl": {
      "version": "1.1.2",
      "dependencies": {
        "readable-stream": {
          "version": "2.0.6"
        }
      }
    },
    "boom": {
      "version": "2.10.1"
    },
    "brace-expansion": {
      "version": "1.1.6"
    },
    "braces": {
      "version": "1.8.5"
    },
    "browser-resolve": {
      "version": "1.11.2",
      "dependencies": {
        "resolve": {
          "version": "1.1.7"
        }
      }
    },
    "bser": {
      "version": "1.0.2"
    },
    "buffer": {
      "version": "4.9.1"
    },
    "buffer-shims": {
      "version": "1.0.0"
    },
    "builtin-modules": {
      "version": "1.1.1"
    },
    "caller-path": {
      "version": "0.1.0",
      "dependencies": {
        "callsites": {
          "version": "0.2.0"
        }
      }
    },
    "callsites": {
      "version": "2.0.0"
    },
    "camelcase": {
      "version": "3.0.0"
    },
    "cardinal": {
      "version": "1.0.0"
    },
    "caseless": {
      "version": "0.11.0"
    },
    "center-align": {
      "version": "0.1.3"
    },
    "chalk": {
      "version": "1.1.3"
    },
    "child-process-promise": {
      "version": "2.2.0"
    },
    "ci-info": {
      "version": "1.0.0"
    },
    "circular-json": {
      "version": "0.3.1"
    },
    "cli-color": {
      "version": "0.1.7"
    },
    "cli-cursor": {
      "version": "1.0.2"
    },
    "cli-table": {
      "version": "0.3.1"
    },
    "cli-usage": {
      "version": "0.1.4"
    },
    "cli-width": {
      "version": "2.1.0"
    },
    "cliui": {
      "version": "3.2.0"
    },
    "co": {
      "version": "4.6.0"
    },
    "code-point-at": {
      "version": "1.1.0"
    },
    "colors": {
      "version": "1.0.3"
    },
    "combined-stream": {
      "version": "1.0.5"
    },
    "commander": {
      "version": "2.9.0"
    },
    "concat-map": {
      "version": "0.0.1"
    },
    "concat-stream": {
      "version": "1.6.0"
    },
    "contains-path": {
      "version": "0.1.0"
    },
    "content-type-parser": {
      "version": "1.0.1"
    },
    "convert-source-map": {
      "version": "1.3.0"
    },
    "core-js": {
      "version": "2.4.1"
    },
    "core-util-is": {
      "version": "1.0.2"
    },
    "cross-spawn": {
      "version": "4.0.2"
    },
    "cryptiles": {
      "version": "2.0.5"
    },
    "crypto-browserify": {
      "version": "1.0.9"
    },
    "cssom": {
      "version": "0.3.1"
    },
    "cssstyle": {
      "version": "0.2.37"
    },
    "d": {
      "version": "0.1.1",
      "dependencies": {
        "es5-ext": {
          "version": "0.10.12"
        }
      }
    },
    "dashdash": {
      "version": "1.14.1",
      "dependencies": {
        "assert-plus": {
          "version": "1.0.0"
        }
      }
    },
    "debug": {
      "version": "2.6.0"
    },
    "decamelize": {
      "version": "1.2.0"
    },
    "deep-is": {
      "version": "0.1.3"
    },
    "del": {
      "version": "2.2.2"
    },
    "delayed-stream": {
      "version": "1.0.0"
    },
    "detect-indent": {
      "version": "4.0.0"
    },
    "diff": {
      "version": "3.2.0"
    },
    "difflib": {
      "version": "0.2.4"
    },
    "doctrine": {
      "version": "1.5.0"
    },
    "dreamopt": {
      "version": "0.6.0"
    },
    "ecc-jsbn": {
      "version": "0.1.1"
    },
    "errno": {
      "version": "0.1.4"
    },
    "error-ex": {
      "version": "1.3.0"
    },
    "es5-ext": {
      "version": "0.8.2"
    },
    "es6-iterator": {
      "version": "2.0.0",
      "dependencies": {
        "es5-ext": {
          "version": "0.10.12"
        }
      }
    },
    "es6-map": {
      "version": "0.1.4",
      "dependencies": {
        "es5-ext": {
          "version": "0.10.12"
        }
      }
    },
    "es6-set": {
      "version": "0.1.4",
      "dependencies": {
        "es5-ext": {
          "version": "0.10.12"
        }
      }
    },
    "es6-symbol": {
      "version": "3.1.0",
      "dependencies": {
        "es5-ext": {
          "version": "0.10.12"
        }
      }
    },
    "es6-weak-map": {
      "version": "2.0.1",
      "dependencies": {
        "es5-ext": {
          "version": "0.10.12"
        }
      }
    },
    "escape-string-regexp": {
      "version": "1.0.5"
    },
    "escodegen": {
      "version": "1.8.1",
      "dependencies": {
        "estraverse": {
          "version": "1.9.3"
        },
        "source-map": {
          "version": "0.2.0"
        }
      }
    },
    "escope": {
      "version": "3.6.0"
    },
    "eslint-import-resolver-node": {
      "version": "0.2.3"
    },
    "eslint-module-utils": {
      "version": "2.0.0",
      "dependencies": {
        "debug": {
          "version": "2.2.0"
        },
        "ms": {
          "version": "0.7.1"
        }
      }
    },
    "espree": {
      "version": "3.3.2"
    },
    "esprima": {
      "version": "2.7.3"
    },
    "esrecurse": {
      "version": "4.1.0",
      "dependencies": {
        "estraverse": {
          "version": "4.1.1"
        }
      }
    },
    "estraverse": {
      "version": "4.2.0"
    },
    "esutils": {
      "version": "2.0.2"
    },
    "event-emitter": {
      "version": "0.3.4",
      "dependencies": {
        "es5-ext": {
          "version": "0.10.12"
        }
      }
    },
    "exec-sh": {
      "version": "0.2.0"
    },
    "exit-hook": {
      "version": "1.1.1"
    },
    "expand-brackets": {
      "version": "0.1.5"
    },
    "expand-range": {
      "version": "1.8.2"
    },
    "extend": {
      "version": "3.0.0"
    },
    "extglob": {
      "version": "0.3.2"
    },
    "extsprintf": {
      "version": "1.0.2"
    },
    "fast-levenshtein": {
      "version": "2.0.6"
    },
    "fb-watchman": {
      "version": "1.9.0"
    },
    "figures": {
      "version": "1.7.0"
    },
    "file-entry-cache": {
      "version": "2.0.0"
    },
    "filename-regex": {
      "version": "2.0.0"
    },
    "fileset": {
      "version": "2.0.3"
    },
    "fill-range": {
      "version": "2.2.3"
    },
    "find-up": {
      "version": "1.1.2"
    },
    "flat-cache": {
      "version": "1.2.2"
    },
    "for-in": {
      "version": "0.1.6"
    },
    "for-own": {
      "version": "0.1.4"
    },
    "forever-agent": {
      "version": "0.6.1"
    },
    "form-data": {
      "version": "2.0.0"
    },
    "formatio": {
      "version": "1.1.1"
    },
    "fs-extra": {
      "version": "0.26.7"
    },
    "fs-promise": {
      "version": "0.5.0"
    },
    "fs.realpath": {
      "version": "1.0.0"
    },
    "function-bind": {
      "version": "1.1.0"
    },
    "generate-function": {
      "version": "2.0.0"
    },
    "generate-object-property": {
      "version": "1.2.0"
    },
    "get-caller-file": {
      "version": "1.0.2"
    },
    "getpass": {
      "version": "0.1.6",
      "dependencies": {
        "assert-plus": {
          "version": "1.0.0"
        }
      }
    },
    "glob": {
      "version": "7.1.1"
    },
    "glob-base": {
      "version": "0.3.0"
    },
    "glob-parent": {
      "version": "2.0.0"
    },
    "globals": {
      "version": "9.14.0"
    },
    "globby": {
      "version": "5.0.0"
    },
    "graceful-fs": {
      "version": "4.1.11"
    },
    "graceful-readlink": {
      "version": "1.0.1"
    },
    "growly": {
      "version": "1.3.0"
    },
    "handlebars": {
      "version": "4.0.6",
      "dependencies": {
        "async": {
          "version": "1.5.2"
        },
        "source-map": {
          "version": "0.4.4"
        }
      }
    },
    "har-validator": {
      "version": "2.0.6"
    },
    "has": {
      "version": "1.0.1"
    },
    "has-ansi": {
      "version": "2.0.0"
    },
    "has-flag": {
      "version": "1.0.0"
    },
    "hawk": {
      "version": "3.1.3"
    },
    "heap": {
      "version": "0.2.6"
    },
    "hoek": {
      "version": "2.16.3"
    },
    "home-or-tmp": {
      "version": "2.0.0"
    },
    "hosted-git-info": {
      "version": "2.1.5"
    },
    "html-encoding-sniffer": {
      "version": "1.0.1"
    },
    "http-signature": {
      "version": "1.1.1"
    },
    "iconv-lite": {
      "version": "0.4.15"
    },
    "ieee754": {
      "version": "1.1.8"
    },
    "ignore": {
      "version": "3.2.0"
    },
    "imurmurhash": {
      "version": "0.1.4"
    },
    "inflight": {
      "version": "1.0.6"
    },
    "inherits": {
      "version": "2.0.3"
    },
    "inquirer": {
      "version": "0.12.0"
    },
    "interpret": {
      "version": "1.0.1"
    },
    "invariant": {
      "version": "2.2.2"
    },
    "invert-kv": {
      "version": "1.0.0"
    },
    "is-arrayish": {
      "version": "0.2.1"
    },
    "is-buffer": {
      "version": "1.1.4"
    },
    "is-builtin-module": {
      "version": "1.0.0"
    },
    "is-ci": {
      "version": "1.0.10"
    },
    "is-dotfile": {
      "version": "1.0.2"
    },
    "is-equal-shallow": {
      "version": "0.1.3"
    },
    "is-extendable": {
      "version": "0.1.1"
    },
    "is-extglob": {
      "version": "1.0.0"
    },
    "is-finite": {
      "version": "1.0.2"
    },
    "is-fullwidth-code-point": {
      "version": "1.0.0"
    },
    "is-glob": {
      "version": "2.0.1"
    },
    "is-my-json-valid": {
      "version": "2.15.0"
    },
    "is-number": {
      "version": "2.1.0"
    },
    "is-path-cwd": {
      "version": "1.0.0"
    },
    "is-path-in-cwd": {
      "version": "1.0.0"
    },
    "is-path-inside": {
      "version": "1.0.0"
    },
    "is-posix-bracket": {
      "version": "0.1.1"
    },
    "is-primitive": {
      "version": "2.0.0"
    },
    "is-property": {
      "version": "1.0.2"
    },
    "is-resolvable": {
      "version": "1.0.0"
    },
    "is-typedarray": {
      "version": "1.0.0"
    },
    "is-utf8": {
      "version": "0.2.1"
    },
    "isarray": {
      "version": "1.0.0"
    },
    "isexe": {
      "version": "1.1.2"
    },
    "isobject": {
      "version": "2.1.0"
    },
    "isstream": {
      "version": "0.1.2"
    },
    "istanbul": {
      "version": "0.4.5",
      "dependencies": {
        "async": {
          "version": "1.5.2"
        },
        "glob": {
          "version": "5.0.15"
        },
        "js-yaml": {
          "version": "3.7.0"
        },
        "resolve": {
          "version": "1.1.7"
        },
        "supports-color": {
          "version": "3.1.2"
        }
      }
    },
    "istanbul-api": {
      "version": "1.1.0",
      "dependencies": {
        "js-yaml": {
          "version": "3.7.0"
        }
      }
    },
    "istanbul-lib-coverage": {
      "version": "1.0.0"
    },
    "istanbul-lib-hook": {
      "version": "1.0.0-alpha.4"
    },
    "istanbul-lib-instrument": {
      "version": "1.3.1"
    },
    "istanbul-lib-report": {
      "version": "1.0.0-alpha.3",
      "dependencies": {
        "async": {
          "version": "1.5.2"
        },
        "supports-color": {
          "version": "3.1.2"
        }
      }
    },
    "istanbul-lib-source-maps": {
      "version": "1.1.0"
    },
    "istanbul-reports": {
      "version": "1.0.0"
    },
    "jasmine-check": {
      "version": "0.1.5"
    },
    "jest-changed-files": {
      "version": "16.0.0"
    },
    "jest-cli": {
      "version": "16.0.2"
    },
    "jest-config": {
      "version": "16.0.2"
    },
    "jest-diff": {
      "version": "16.0.0"
    },
    "jest-environment-jsdom": {
      "version": "16.0.2"
    },
    "jest-environment-node": {
      "version": "16.0.2"
    },
    "jest-file-exists": {
      "version": "15.0.0"
    },
    "jest-haste-map": {
      "version": "16.0.2"
    },
    "jest-jasmine2": {
      "version": "16.0.2"
    },
    "jest-matcher-utils": {
      "version": "16.0.0"
    },
    "jest-matchers": {
      "version": "16.0.2"
    },
    "jest-mock": {
      "version": "16.0.2"
    },
    "jest-resolve": {
      "version": "16.0.2"
    },
    "jest-resolve-dependencies": {
      "version": "16.0.2"
    },
    "jest-runtime": {
      "version": "16.0.2"
    },
    "jest-snapshot": {
      "version": "16.0.2"
    },
    "jest-util": {
      "version": "16.0.2"
    },
    "jmespath": {
      "version": "0.15.0"
    },
    "jodid25519": {
      "version": "1.0.2"
    },
    "js-tokens": {
      "version": "2.0.0"
    },
    "js-yaml": {
      "version": "3.6.1"
    },
    "jsbn": {
      "version": "0.1.0"
    },
    "jsdom": {
      "version": "9.9.1",
      "dependencies": {
        "acorn": {
          "version": "2.7.0"
        }
      }
    },
    "jsesc": {
      "version": "1.3.0"
    },
    "json-diff": {
      "version": "0.3.1"
    },
    "json-schema": {
      "version": "0.2.3"
    },
    "json-stable-stringify": {
      "version": "1.0.1"
    },
    "json-stringify-safe": {
      "version": "5.0.1"
    },
    "json5": {
      "version": "0.5.1"
    },
    "jsonfile": {
      "version": "2.4.0"
    },
    "jsonify": {
      "version": "0.0.0"
    },
    "jsonpointer": {
      "version": "4.0.1"
    },
    "jsprim": {
      "version": "1.3.1"
    },
    "kind-of": {
      "version": "3.1.0"
    },
    "klaw": {
      "version": "1.3.1"
    },
    "lazy-cache": {
      "version": "1.0.4"
    },
    "lcid": {
      "version": "1.0.0"
    },
    "lcov-parse": {
      "version": "0.0.10"
    },
    "levn": {
      "version": "0.3.0"
    },
    "load-json-file": {
      "version": "1.1.0",
      "dependencies": {
        "strip-bom": {
          "version": "2.0.0"
        }
      }
    },
    "lodash": {
      "version": "4.17.4"
    },
    "lodash._arraycopy": {
      "version": "3.0.0"
    },
    "lodash._arrayeach": {
      "version": "3.0.0"
    },
    "lodash._baseassign": {
      "version": "3.2.0"
    },
    "lodash._baseclone": {
      "version": "3.3.0"
    },
    "lodash._basecopy": {
      "version": "3.0.1"
    },
    "lodash._basefor": {
      "version": "3.0.3"
    },
    "lodash._bindcallback": {
      "version": "3.0.1"
    },
    "lodash._getnative": {
      "version": "3.9.1"
    },
    "lodash.assign": {
      "version": "4.2.0"
    },
    "lodash.clonedeep": {
      "version": "3.0.2"
    },
    "lodash.cond": {
      "version": "4.5.2"
    },
    "lodash.isarguments": {
      "version": "3.1.0"
    },
    "lodash.isarray": {
      "version": "3.0.4"
    },
    "lodash.keys": {
      "version": "3.1.2"
    },
    "log-driver": {
      "version": "1.2.5"
    },
    "lolex": {
      "version": "1.3.2"
    },
    "longest": {
      "version": "1.0.1"
    },
    "loose-envify": {
      "version": "1.3.0"
    },
    "lru-cache": {
      "version": "4.0.2"
    },
    "makeerror": {
      "version": "1.0.11"
    },
    "marked": {
      "version": "0.3.6"
    },
    "marked-terminal": {
      "version": "1.7.0"
    },
    "merge": {
      "version": "1.2.0"
    },
    "micromatch": {
      "version": "2.3.11"
    },
    "mime-db": {
      "version": "1.25.0"
    },
    "mime-types": {
      "version": "2.1.13"
    },
    "minimatch": {
      "version": "3.0.3"
    },
    "minimist": {
      "version": "1.2.0"
    },
    "mkdirp": {
      "version": "0.5.1",
      "dependencies": {
        "minimist": {
          "version": "0.0.8"
        }
      }
    },
    "ms": {
      "version": "0.7.2"
    },
    "multimatch": {
      "version": "2.1.0"
    },
    "mute-stream": {
      "version": "0.0.5"
    },
    "mz": {
      "version": "2.6.0"
    },
    "natural-compare": {
      "version": "1.4.0"
    },
    "node-emoji": {
      "version": "1.4.3"
    },
    "node-int64": {
      "version": "0.4.0"
    },
    "node-notifier": {
      "version": "4.6.1"
    },
    "node-uuid": {
      "version": "1.4.7"
    },
    "node-version": {
      "version": "1.0.0"
    },
    "nopt": {
      "version": "3.0.6"
    },
    "normalize-package-data": {
      "version": "2.3.5"
    },
    "normalize-path": {
      "version": "2.0.1"
    },
    "number-is-nan": {
      "version": "1.0.1"
    },
    "nwmatcher": {
      "version": "1.3.9"
    },
    "oauth-sign": {
      "version": "0.8.2"
    },
    "object-assign": {
      "version": "4.1.0"
    },
    "object.omit": {
      "version": "2.0.1"
    },
    "once": {
      "version": "1.4.0"
    },
    "onetime": {
      "version": "1.1.0"
    },
    "optimist": {
      "version": "0.6.1",
      "dependencies": {
        "wordwrap": {
          "version": "0.0.3"
        },
        "minimist": {
          "version": "0.0.8"
        }
      }
    },
    "optionator": {
      "version": "0.8.2"
    },
    "os-homedir": {
      "version": "1.0.2"
    },
    "os-locale": {
      "version": "1.4.0"
    },
    "os-tmpdir": {
      "version": "1.0.2"
    },
    "parse-glob": {
      "version": "3.0.4"
    },
    "parse-json": {
      "version": "2.2.0"
    },
    "parse5": {
      "version": "1.5.1"
    },
    "path-exists": {
      "version": "2.1.0"
    },
    "path-is-absolute": {
      "version": "1.0.1"
    },
    "path-is-inside": {
      "version": "1.0.2"
    },
    "path-parse": {
      "version": "1.0.5"
    },
    "path-type": {
      "version": "1.1.0"
    },
    "pify": {
      "version": "2.3.0"
    },
    "pinkie": {
      "version": "2.0.4"
    },
    "pinkie-promise": {
      "version": "2.0.1"
    },
    "pkg-dir": {
      "version": "1.0.0"
    },
    "pkg-up": {
      "version": "1.0.0"
    },
    "pluralize": {
      "version": "1.2.1"
    },
    "prelude-ls": {
      "version": "1.1.2"
    },
    "preserve": {
      "version": "0.2.0"
    },
    "pretty-format": {
      "version": "4.2.3"
    },
    "private": {
      "version": "0.1.6"
    },
    "process-nextick-args": {
      "version": "1.0.7"
    },
    "progress": {
      "version": "1.1.8"
    },
    "promise-polyfill": {
      "version": "6.0.2"
    },
    "prr": {
      "version": "0.0.0"
    },
    "pseudomap": {
      "version": "1.0.2"
    },
    "punycode": {
      "version": "1.3.2"
    },
    "qs": {
      "version": "6.2.1"
    },
    "querystring": {
      "version": "0.2.0"
    },
    "randomatic": {
      "version": "1.1.6"
    },
    "read-pkg": {
      "version": "1.1.0"
    },
    "read-pkg-up": {
      "version": "1.0.1"
    },
    "readable-stream": {
      "version": "2.2.2"
    },
    "readline2": {
      "version": "1.0.1"
    },
    "rechoir": {
      "version": "0.6.2"
    },
    "redeyed": {
      "version": "1.0.1",
      "dependencies": {
        "esprima": {
          "version": "3.0.0"
        }
      }
    },
    "regenerator-runtime": {
      "version": "0.10.1"
    },
    "regex-cache": {
      "version": "0.4.3"
    },
    "repeat-element": {
      "version": "1.1.2"
    },
    "repeat-string": {
      "version": "1.6.1"
    },
    "repeating": {
      "version": "2.0.1"
    },
    "request": {
      "version": "2.75.0"
    },
    "require-directory": {
      "version": "2.1.1"
    },
    "require-main-filename": {
      "version": "1.0.1"
    },
    "require-uncached": {
      "version": "1.0.3"
    },
    "resolve": {
      "version": "1.2.0"
    },
    "resolve-from": {
      "version": "1.0.1"
    },
    "restore-cursor": {
      "version": "1.0.1"
    },
    "right-align": {
      "version": "0.1.3"
    },
    "rimraf": {
      "version": "2.5.4"
    },
    "run-async": {
      "version": "0.1.0"
    },
    "rx-lite": {
      "version": "3.1.2"
    },
    "samsam": {
      "version": "1.1.2"
    },
    "sane": {
      "version": "1.4.1"
    },
    "sax": {
      "version": "1.1.5"
    },
    "semver": {
      "version": "5.3.0"
    },
    "set-blocking": {
      "version": "2.0.0"
    },
    "shelljs": {
      "version": "0.7.5"
    },
    "shellwords": {
      "version": "0.1.0"
    },
    "sinon": {
      "version": "1.17.7"
    },
    "slash": {
      "version": "1.0.0"
    },
    "slice-ansi": {
      "version": "0.0.4"
    },
    "sntp": {
      "version": "1.0.9"
    },
    "source-map": {
      "version": "0.5.6"
    },
    "source-map-support": {
      "version": "0.4.8"
    },
    "spdx-correct": {
      "version": "1.0.2"
    },
    "spdx-expression-parse": {
      "version": "1.0.4"
    },
    "spdx-license-ids": {
      "version": "1.2.2"
    },
    "sprintf-js": {
      "version": "1.0.3"
    },
    "sshpk": {
      "version": "1.10.1",
      "dependencies": {
        "assert-plus": {
          "version": "1.0.0"
        }
      }
    },
    "string-width": {
      "version": "1.0.2"
    },
    "string.prototype.codepointat": {
      "version": "0.2.0"
    },
    "string_decoder": {
      "version": "0.10.31"
    },
    "stringstream": {
      "version": "0.0.5"
    },
    "strip-ansi": {
      "version": "3.0.1"
    },
    "strip-bom": {
      "version": "3.0.0"
    },
    "strip-json-comments": {
      "version": "1.0.4"
    },
    "supports-color": {
      "version": "2.0.0"
    },
    "symbol-tree": {
      "version": "3.2.1"
    },
    "table": {
      "version": "3.8.3",
      "dependencies": {
        "string-width": {
          "version": "2.0.0"
        },
        "is-fullwidth-code-point": {
          "version": "2.0.0"
        }
      }
    },
    "test-exclude": {
      "version": "2.1.3"
    },
    "testcheck": {
      "version": "0.1.4"
    },
    "text-table": {
      "version": "0.2.0"
    },
    "thenify": {
      "version": "3.2.1"
    },
    "thenify-all": {
      "version": "1.6.0"
    },
    "throat": {
      "version": "3.0.0"
    },
    "through": {
      "version": "2.3.8"
    },
    "tmpl": {
      "version": "1.0.4"
    },
    "to-fast-properties": {
      "version": "1.0.2"
    },
    "tough-cookie": {
      "version": "2.3.2",
      "dependencies": {
        "punycode": {
          "version": "1.4.1"
        }
      }
    },
    "tr46": {
      "version": "0.0.3"
    },
    "traverse": {
      "version": "0.6.6"
    },
    "tryit": {
      "version": "1.0.3"
    },
    "tunnel-agent": {
      "version": "0.4.3"
    },
    "tweetnacl": {
      "version": "0.14.5"
    },
    "type-check": {
      "version": "0.3.2"
    },
    "typedarray": {
      "version": "0.0.6"
    },
    "uglify-js": {
      "version": "2.7.5",
      "dependencies": {
        "async": {
          "version": "0.2.10"
        },
        "yargs": {
          "version": "3.10.0"
        },
        "camelcase": {
          "version": "1.2.1"
        },
        "cliui": {
          "version": "2.1.0"
        },
        "window-size": {
          "version": "0.1.0"
        },
        "wordwrap": {
          "version": "0.0.2"
        }
      }
    },
    "uglify-to-browserify": {
      "version": "1.0.2"
    },
    "url": {
      "version": "0.10.3"
    },
    "user-home": {
      "version": "2.0.0"
    },
    "util": {
      "version": "0.10.3",
      "dependencies": {
        "inherits": {
          "version": "2.0.1"
        }
      }
    },
    "util-deprecate": {
      "version": "1.0.2"
    },
    "uuid": {
      "version": "3.0.0"
    },
    "validate-npm-package-license": {
      "version": "3.0.1"
    },
    "verror": {
      "version": "1.3.6"
    },
    "walker": {
      "version": "1.0.7"
    },
    "watch": {
      "version": "0.10.0"
    },
    "webidl-conversions": {
      "version": "3.0.1"
    },
    "whatwg-encoding": {
      "version": "1.0.1",
      "dependencies": {
        "iconv-lite": {
          "version": "0.4.13"
        }
      }
    },
    "whatwg-url": {
      "version": "4.1.1"
    },
    "which": {
      "version": "1.2.12"
    },
    "which-module": {
      "version": "1.0.0"
    },
    "window-size": {
      "version": "0.2.0"
    },
    "wordwrap": {
      "version": "1.0.0"
    },
    "worker-farm": {
      "version": "1.3.1"
    },
    "wrap-ansi": {
      "version": "2.1.0"
    },
    "wrappy": {
      "version": "1.0.2"
    },
    "write": {
      "version": "0.2.1"
    },
    "xml-name-validator": {
      "version": "2.0.1"
    },
    "xml2js": {
      "version": "0.4.15"
    },
    "xmlbuilder": {
      "version": "2.6.2",
      "dependencies": {
        "lodash": {
          "version": "3.5.0"
        }
      }
    },
    "xtend": {
      "version": "4.0.1"
    },
    "y18n": {
      "version": "3.2.1"
    },
    "yallist": {
      "version": "2.0.0"
    },
    "yargs": {
      "version": "5.0.0"
    },
    "yargs-parser": {
      "version": "3.2.0"
    }
  }
}
